
Microsoft Visual Studio Solution File, Format Version 12.00
# Visual Studio Version 16
VisualStudioVersion = 16.0.30907.101
MinimumVisualStudioVersion = 10.0.40219.1
Project("{FAE04EC0-301F-11D3-BF4B-00C04F79EFBC}") = "GitHubPracticeRepository", "GitHubPracticeRepository.csproj", "{AE94093F-D673-4E63-AAB6-FE7DE7C30609}"
EndProject
Global
	GlobalSection(SolutionConfigurationPlatforms) = preSolution
		Debug|Any CPU = Debug|Any CPU
		Release|Any CPU = Release|Any CPU
	EndGlobalSection
	GlobalSection(ProjectConfigurationPlatforms) = postSolution
		{AE94093F-D673-4E63-AAB6-FE7DE7C30609}.Debug|Any CPU.ActiveCfg = Debug|Any CPU
		{AE94093F-D673-4E63-AAB6-FE7DE7C30609}.Debug|Any CPU.Build.0 = Debug|Any CPU
		{AE94093F-D673-4E63-AAB6-FE7DE7C30609}.Release|Any CPU.ActiveCfg = Release|Any CPU
		{AE94093F-D673-4E63-AAB6-FE7DE7C30609}.Release|Any CPU.Build.0 = Release|Any CPU
	EndGlobalSection
	GlobalSection(SolutionProperties) = preSolution
		HideSolutionNode = FALSE
	EndGlobalSection
	GlobalSection(ExtensibilityGlobals) = postSolution
		SolutionGuid = {7C7CEDED-EB01-4664-9256-06D3DBB32018}
	EndGlobalSection
EndGlobal
